{
  "nodes": {
    "flake-utils": {
      "locked": {
        "lastModified": 1667395993,
        "narHash": "sha256-nuEHfE/LcWyuSWnS8t12N1wc105Qtau+/OdUAjtQ0rA=",
        "owner": "numtide",
        "repo": "flake-utils",
        "rev": "5aed5285a952e0b949eb3ba02c12fa4fcfef535f",
        "type": "github"
      },
      "original": {
        "owner": "numtide",
        "repo": "flake-utils",
        "type": "github"
      }
    },
    "home-manager": {
      "inputs": {
        "nixpkgs": [
          "nixpkgs"
        ],
        "utils": "utils"
      },
      "locked": {
        "lastModified": 1677284824,
        "narHash": "sha256-I3gDxmGjyXdtOR5S8sIeCO8pT+5OR69f/g5EVoQUdsY=",
        "owner": "nix-community",
        "repo": "home-manager",
        "rev": "29280978234b73423f4eb708cbb999295f76b42a",
        "type": "github"
      },
      "original": {
        "owner": "nix-community",
        "ref": "release-22.11",
        "repo": "home-manager",
        "type": "github"
      }
    },
    "lollypops": {
      "inputs": {
        "flake-utils": "flake-utils",
        "nixpkgs": [
          "nixpkgs"
        ]
      },
      "locked": {
        "lastModified": 1675679577,
        "narHash": "sha256-4m5Xpwt6YDclklPeEkevV5lqaV0bRU4GYdm9ArXShAQ=",
        "owner": "pinpox",
        "repo": "lollypops",
        "rev": "8d5abbd79fe8505364d102862f19588a6ed69456",
        "type": "github"
      },
      "original": {
        "owner": "pinpox",
        "repo": "lollypops",
        "type": "github"
      }
    },
    "nixlib": {
      "locked": {
        "lastModified": 1636849918,
        "narHash": "sha256-nzUK6dPcTmNVrgTAC1EOybSMsrcx+QrVPyqRdyKLkjA=",
        "owner": "nix-community",
        "repo": "nixpkgs.lib",
        "rev": "28a5b0557f14124608db68d3ee1f77e9329e9dd5",
        "type": "github"
      },
      "original": {
        "owner": "nix-community",
        "repo": "nixpkgs.lib",
        "type": "github"
      }
    },
    "nixos-generators": {
      "inputs": {
        "nixlib": "nixlib",
        "nixpkgs": [
          "nixpkgs"
        ]
      },
      "locked": {
        "lastModified": 1676297861,
        "narHash": "sha256-YECUmK34xzg0IERpnbCnaO6z6YgfecJlstMWX7dqOZ8=",
        "owner": "nix-community",
        "repo": "nixos-generators",
        "rev": "1e0a05219f2a557d4622bc38f542abb360518795",
        "type": "github"
      },
      "original": {
        "owner": "nix-community",
        "repo": "nixos-generators",
        "type": "github"
      }
    },
    "nixpkgs": {
      "locked": {
        "lastModified": 1677341534,
        "narHash": "sha256-zqaJuOTnKzg5AubC4rzzJ/IS5kU5n4U7vxosv1Fv8Ug=",
        "owner": "NixOS",
        "repo": "nixpkgs",
        "rev": "7076110064c09f0b3942f609f2134c1358ef2e50",
        "type": "github"
      },
      "original": {
        "owner": "NixOS",
        "ref": "nixos-22.11",
        "repo": "nixpkgs",
        "type": "github"
      }
    },
    "nixpkgs-stable": {
      "locked": {
        "lastModified": 1677367679,
        "narHash": "sha256-pOMXi7F9tcHls06Qv+7XCPASTJeXu47Jhd0Pk9du8T4=",
        "owner": "NixOS",
        "repo": "nixpkgs",
        "rev": "ea736343e4d4a052e023d54b23334cf685de479c",
        "type": "github"
      },
      "original": {
        "owner": "NixOS",
        "ref": "release-22.11",
        "repo": "nixpkgs",
        "type": "github"
      }
    },
    "nixpkgs-unstable": {
      "locked": {
        "lastModified": 1677342105,
        "narHash": "sha256-kv1fpkfCJGb0M+LZaCHFUuIS9kRIwyVgupHu86Y28nc=",
        "owner": "NixOS",
        "repo": "nixpkgs",
        "rev": "b1f87ca164a9684404c8829b851c3586c4d9f089",
        "type": "github"
      },
      "original": {
        "id": "nixpkgs",
        "ref": "nixos-unstable",
        "type": "indirect"
      }
    },
    "root": {
      "inputs": {
        "home-manager": "home-manager",
        "lollypops": "lollypops",
        "nixos-generators": "nixos-generators",
        "nixpkgs": "nixpkgs",
        "nixpkgs-unstable": "nixpkgs-unstable",
        "snapraid-aio-script": "snapraid-aio-script",
        "sops-nix": "sops-nix"
      }
    },
    "snapraid-aio-script": {
      "inputs": {
        "nixpkgs": [
          "nixpkgs"
        ]
      },
      "locked": {
        "lastModified": 1678625822,
        "narHash": "sha256-H9lxAPWS+Zfz9RE3UrVklaeFp0KjjPsmuJ4Wmfad+zo=",
        "owner": "~pf56",
        "repo": "snapraid-aio-script-nix",
        "rev": "73cc9a272ad31add8b0922102c07cf8086209c96",
        "type": "sourcehut"
      },
      "original": {
        "owner": "~pf56",
        "repo": "snapraid-aio-script-nix",
        "type": "sourcehut"
      }
    },
    "sops-nix": {
      "inputs": {
        "nixpkgs": [
          "nixpkgs"
        ],
        "nixpkgs-stable": "nixpkgs-stable"
      },
      "locked": {
        "lastModified": 1677381477,
        "narHash": "sha256-NLzWgll+Q0Af8gI1ha34OHt7Y1GtOMYhCWQWV9LXE9Y=",
        "owner": "Mic92",
        "repo": "sops-nix",
        "rev": "83fe25c8019db8216f5c6ffc65b394707784b4f3",
        "type": "github"
      },
      "original": {
        "owner": "Mic92",
        "repo": "sops-nix",
        "type": "github"
      }
    },
    "utils": {
      "locked": {
        "lastModified": 1667395993,
        "narHash": "sha256-nuEHfE/LcWyuSWnS8t12N1wc105Qtau+/OdUAjtQ0rA=",
        "owner": "numtide",
        "repo": "flake-utils",
        "rev": "5aed5285a952e0b949eb3ba02c12fa4fcfef535f",
        "type": "github"
      },
      "original": {
        "owner": "numtide",
        "repo": "flake-utils",
        "type": "github"
      }
    }
  },
  "root": "root",
  "version": 7
}
