
Microsoft Visual Studio Solution File, Format Version 12.00
Project("{FAE04EC0-301F-11D3-BF4B-00C04F79EFBC}") = "hello-world", "kubernetes\apps\hello-world\hello-world.csproj", "{8D4BC591-2157-4C84-952C-795AADF72864}"
EndProject
Project("{2150E333-8FDC-42A3-9474-1A3956D46DE8}") = "Infrastructure", "Infrastructure", "{795D0353-A5BD-4B8F-AC2A-C317EEB3ADF4}"
EndProject
Project("{FAE04EC0-301F-11D3-BF4B-00C04F79EFBC}") = "Piraeus", "kubernetes\infrastructure\piraeus\Piraeus.csproj", "{C44D18CF-7034-4ACA-B56B-AF4C6174FF85}"
EndProject
Project("{2150E333-8FDC-42A3-9474-1A3956D46DE8}") = "Common", "Common", "{6D99D8F0-ED22-45A2-AE8C-9EC10E50C659}"
EndProject
Project("{FAE04EC0-301F-11D3-BF4B-00C04F79EFBC}") = "Pulumi.Crds", "kubernetes\common\crds\Pulumi.Crds.csproj", "{377C5367-7471-4A3E-921A-7E16EC2F6E2C}"
EndProject
Project("{FAE04EC0-301F-11D3-BF4B-00C04F79EFBC}") = "Rook", "kubernetes\infrastructure\rook\Rook.csproj", "{89EC519A-843F-43FA-B712-52FD0681F093}"
EndProject
Project("{FAE04EC0-301F-11D3-BF4B-00C04F79EFBC}") = "DemocraticCsi", "kubernetes\infrastructure\democratic-csi-pulumi\DemocraticCsi.csproj", "{71BD4D6D-EC82-4716-B5AF-8B80D400B476}"
EndProject
Project("{2150E333-8FDC-42A3-9474-1A3956D46DE8}") = "Kubernetes", "Kubernetes", "{9766C576-5B07-4674-B17D-AEF5829CB638}"
EndProject
Project("{2150E333-8FDC-42A3-9474-1A3956D46DE8}") = "Apps", "Apps", "{20FEC2A0-3FA1-4A5E-8E3E-744811D56963}"
EndProject
Project("{2150E333-8FDC-42A3-9474-1A3956D46DE8}") = "Infrastructure", "Infrastructure", "{78DACF4C-1018-4A04-8511-133AFF450422}"
EndProject
Project("{FAE04EC0-301F-11D3-BF4B-00C04F79EFBC}") = "VultrGateway", "infrastructure\vultr-gateway\VultrGateway.csproj", "{53F4A1CE-A6C1-45A1-9A49-F9BF59C4A2EB}"
EndProject
Project("{FAE04EC0-301F-11D3-BF4B-00C04F79EFBC}") = "Cilium", "kubernetes\infrastructure\cilium-pulumi\Cilium.csproj", "{A312B060-5130-4141-8014-A4FC61F0E846}"
EndProject
Project("{FAE04EC0-301F-11D3-BF4B-00C04F79EFBC}") = "Traefik", "kubernetes\infrastructure\traefik-pulumi\Traefik.csproj", "{71DA9CCB-6FBA-40AC-96ED-EB040D44851B}"
EndProject
Project("{FAE04EC0-301F-11D3-BF4B-00C04F79EFBC}") = "CertManager", "kubernetes\infrastructure\cert-manager-pulumi\CertManager.csproj", "{D0E59D35-F223-4C51-9D95-1CF44E7202DF}"
EndProject
Project("{FAE04EC0-301F-11D3-BF4B-00C04F79EFBC}") = "Sabnzbd", "kubernetes\apps\sabnzbd-pulumi\Sabnzbd.csproj", "{2557CEEA-A92C-4CB0-A6A2-57D68D2E71F9}"
EndProject
Project("{2150E333-8FDC-42A3-9474-1A3956D46DE8}") = "Solution Items", "Solution Items", "{6A826324-D51C-45D0-8D91-7CD9ABEFFD4A}"
	ProjectSection(SolutionItems) = preProject
		Directory.Packages.props = Directory.Packages.props
		Directory.Build.props = Directory.Build.props
		nuget.config = nuget.config
	EndProjectSection
EndProject
Project("{FAE04EC0-301F-11D3-BF4B-00C04F79EFBC}") = "Components", "kubernetes\common\components\Components.csproj", "{A8CFE375-38C3-4C51-B380-2A045BB3B2CE}"
EndProject
Project("{FAE04EC0-301F-11D3-BF4B-00C04F79EFBC}") = "Sonarr", "kubernetes\apps\sonarr-pulumi\Sonarr.csproj", "{8D7E3DBD-EA3C-4660-8F93-FFDB234A21EA}"
EndProject
Project("{FAE04EC0-301F-11D3-BF4B-00C04F79EFBC}") = "Radarr", "kubernetes\apps\radarr-pulumi\Radarr.csproj", "{5D877346-FB54-47C7-9DAD-906224069EC4}"
EndProject
Project("{FAE04EC0-301F-11D3-BF4B-00C04F79EFBC}") = "Jellyfin", "kubernetes\apps\jellyfin\Jellyfin.csproj", "{55D59088-4E47-4907-86F2-D94DEC65DAB9}"
EndProject
Project("{FAE04EC0-301F-11D3-BF4B-00C04F79EFBC}") = "Paperless", "kubernetes\apps\paperless\Paperless.csproj", "{D47967EF-C6CB-48C1-94FB-7285EAAD1F48}"
EndProject
Project("{FAE04EC0-301F-11D3-BF4B-00C04F79EFBC}") = "K8Up", "kubernetes\infrastructure\k8up\K8Up.csproj", "{309CF729-2B84-40A4-88E2-447BBA4367A1}"
EndProject
Global
	GlobalSection(SolutionConfigurationPlatforms) = preSolution
		Debug|Any CPU = Debug|Any CPU
		Release|Any CPU = Release|Any CPU
	EndGlobalSection
	GlobalSection(ProjectConfigurationPlatforms) = postSolution
		{8D4BC591-2157-4C84-952C-795AADF72864}.Debug|Any CPU.ActiveCfg = Debug|Any CPU
		{8D4BC591-2157-4C84-952C-795AADF72864}.Debug|Any CPU.Build.0 = Debug|Any CPU
		{8D4BC591-2157-4C84-952C-795AADF72864}.Release|Any CPU.ActiveCfg = Release|Any CPU
		{8D4BC591-2157-4C84-952C-795AADF72864}.Release|Any CPU.Build.0 = Release|Any CPU
		{C44D18CF-7034-4ACA-B56B-AF4C6174FF85}.Debug|Any CPU.ActiveCfg = Debug|Any CPU
		{C44D18CF-7034-4ACA-B56B-AF4C6174FF85}.Debug|Any CPU.Build.0 = Debug|Any CPU
		{C44D18CF-7034-4ACA-B56B-AF4C6174FF85}.Release|Any CPU.ActiveCfg = Release|Any CPU
		{C44D18CF-7034-4ACA-B56B-AF4C6174FF85}.Release|Any CPU.Build.0 = Release|Any CPU
		{377C5367-7471-4A3E-921A-7E16EC2F6E2C}.Debug|Any CPU.ActiveCfg = Debug|Any CPU
		{377C5367-7471-4A3E-921A-7E16EC2F6E2C}.Debug|Any CPU.Build.0 = Debug|Any CPU
		{377C5367-7471-4A3E-921A-7E16EC2F6E2C}.Release|Any CPU.ActiveCfg = Release|Any CPU
		{377C5367-7471-4A3E-921A-7E16EC2F6E2C}.Release|Any CPU.Build.0 = Release|Any CPU
		{89EC519A-843F-43FA-B712-52FD0681F093}.Debug|Any CPU.ActiveCfg = Debug|Any CPU
		{89EC519A-843F-43FA-B712-52FD0681F093}.Debug|Any CPU.Build.0 = Debug|Any CPU
		{89EC519A-843F-43FA-B712-52FD0681F093}.Release|Any CPU.ActiveCfg = Release|Any CPU
		{89EC519A-843F-43FA-B712-52FD0681F093}.Release|Any CPU.Build.0 = Release|Any CPU
		{71BD4D6D-EC82-4716-B5AF-8B80D400B476}.Debug|Any CPU.ActiveCfg = Debug|Any CPU
		{71BD4D6D-EC82-4716-B5AF-8B80D400B476}.Debug|Any CPU.Build.0 = Debug|Any CPU
		{71BD4D6D-EC82-4716-B5AF-8B80D400B476}.Release|Any CPU.ActiveCfg = Release|Any CPU
		{71BD4D6D-EC82-4716-B5AF-8B80D400B476}.Release|Any CPU.Build.0 = Release|Any CPU
		{53F4A1CE-A6C1-45A1-9A49-F9BF59C4A2EB}.Debug|Any CPU.ActiveCfg = Debug|Any CPU
		{53F4A1CE-A6C1-45A1-9A49-F9BF59C4A2EB}.Debug|Any CPU.Build.0 = Debug|Any CPU
		{53F4A1CE-A6C1-45A1-9A49-F9BF59C4A2EB}.Release|Any CPU.ActiveCfg = Release|Any CPU
		{53F4A1CE-A6C1-45A1-9A49-F9BF59C4A2EB}.Release|Any CPU.Build.0 = Release|Any CPU
		{A312B060-5130-4141-8014-A4FC61F0E846}.Debug|Any CPU.ActiveCfg = Debug|Any CPU
		{A312B060-5130-4141-8014-A4FC61F0E846}.Debug|Any CPU.Build.0 = Debug|Any CPU
		{A312B060-5130-4141-8014-A4FC61F0E846}.Release|Any CPU.ActiveCfg = Release|Any CPU
		{A312B060-5130-4141-8014-A4FC61F0E846}.Release|Any CPU.Build.0 = Release|Any CPU
		{71DA9CCB-6FBA-40AC-96ED-EB040D44851B}.Debug|Any CPU.ActiveCfg = Debug|Any CPU
		{71DA9CCB-6FBA-40AC-96ED-EB040D44851B}.Debug|Any CPU.Build.0 = Debug|Any CPU
		{71DA9CCB-6FBA-40AC-96ED-EB040D44851B}.Release|Any CPU.ActiveCfg = Release|Any CPU
		{71DA9CCB-6FBA-40AC-96ED-EB040D44851B}.Release|Any CPU.Build.0 = Release|Any CPU
		{D0E59D35-F223-4C51-9D95-1CF44E7202DF}.Debug|Any CPU.ActiveCfg = Debug|Any CPU
		{D0E59D35-F223-4C51-9D95-1CF44E7202DF}.Debug|Any CPU.Build.0 = Debug|Any CPU
		{D0E59D35-F223-4C51-9D95-1CF44E7202DF}.Release|Any CPU.ActiveCfg = Release|Any CPU
		{D0E59D35-F223-4C51-9D95-1CF44E7202DF}.Release|Any CPU.Build.0 = Release|Any CPU
		{2557CEEA-A92C-4CB0-A6A2-57D68D2E71F9}.Debug|Any CPU.ActiveCfg = Debug|Any CPU
		{2557CEEA-A92C-4CB0-A6A2-57D68D2E71F9}.Debug|Any CPU.Build.0 = Debug|Any CPU
		{2557CEEA-A92C-4CB0-A6A2-57D68D2E71F9}.Release|Any CPU.ActiveCfg = Release|Any CPU
		{2557CEEA-A92C-4CB0-A6A2-57D68D2E71F9}.Release|Any CPU.Build.0 = Release|Any CPU
		{A8CFE375-38C3-4C51-B380-2A045BB3B2CE}.Debug|Any CPU.ActiveCfg = Debug|Any CPU
		{A8CFE375-38C3-4C51-B380-2A045BB3B2CE}.Debug|Any CPU.Build.0 = Debug|Any CPU
		{A8CFE375-38C3-4C51-B380-2A045BB3B2CE}.Release|Any CPU.ActiveCfg = Release|Any CPU
		{A8CFE375-38C3-4C51-B380-2A045BB3B2CE}.Release|Any CPU.Build.0 = Release|Any CPU
		{8D7E3DBD-EA3C-4660-8F93-FFDB234A21EA}.Debug|Any CPU.ActiveCfg = Debug|Any CPU
		{8D7E3DBD-EA3C-4660-8F93-FFDB234A21EA}.Debug|Any CPU.Build.0 = Debug|Any CPU
		{8D7E3DBD-EA3C-4660-8F93-FFDB234A21EA}.Release|Any CPU.ActiveCfg = Release|Any CPU
		{8D7E3DBD-EA3C-4660-8F93-FFDB234A21EA}.Release|Any CPU.Build.0 = Release|Any CPU
		{5D877346-FB54-47C7-9DAD-906224069EC4}.Debug|Any CPU.ActiveCfg = Debug|Any CPU
		{5D877346-FB54-47C7-9DAD-906224069EC4}.Debug|Any CPU.Build.0 = Debug|Any CPU
		{5D877346-FB54-47C7-9DAD-906224069EC4}.Release|Any CPU.ActiveCfg = Release|Any CPU
		{5D877346-FB54-47C7-9DAD-906224069EC4}.Release|Any CPU.Build.0 = Release|Any CPU
		{55D59088-4E47-4907-86F2-D94DEC65DAB9}.Debug|Any CPU.ActiveCfg = Debug|Any CPU
		{55D59088-4E47-4907-86F2-D94DEC65DAB9}.Debug|Any CPU.Build.0 = Debug|Any CPU
		{55D59088-4E47-4907-86F2-D94DEC65DAB9}.Release|Any CPU.ActiveCfg = Release|Any CPU
		{55D59088-4E47-4907-86F2-D94DEC65DAB9}.Release|Any CPU.Build.0 = Release|Any CPU
		{D47967EF-C6CB-48C1-94FB-7285EAAD1F48}.Debug|Any CPU.ActiveCfg = Debug|Any CPU
		{D47967EF-C6CB-48C1-94FB-7285EAAD1F48}.Debug|Any CPU.Build.0 = Debug|Any CPU
		{D47967EF-C6CB-48C1-94FB-7285EAAD1F48}.Release|Any CPU.ActiveCfg = Release|Any CPU
		{D47967EF-C6CB-48C1-94FB-7285EAAD1F48}.Release|Any CPU.Build.0 = Release|Any CPU
		{309CF729-2B84-40A4-88E2-447BBA4367A1}.Debug|Any CPU.ActiveCfg = Debug|Any CPU
		{309CF729-2B84-40A4-88E2-447BBA4367A1}.Debug|Any CPU.Build.0 = Debug|Any CPU
		{309CF729-2B84-40A4-88E2-447BBA4367A1}.Release|Any CPU.ActiveCfg = Release|Any CPU
		{309CF729-2B84-40A4-88E2-447BBA4367A1}.Release|Any CPU.Build.0 = Release|Any CPU
	EndGlobalSection
	GlobalSection(NestedProjects) = preSolution
		{C44D18CF-7034-4ACA-B56B-AF4C6174FF85} = {795D0353-A5BD-4B8F-AC2A-C317EEB3ADF4}
		{377C5367-7471-4A3E-921A-7E16EC2F6E2C} = {6D99D8F0-ED22-45A2-AE8C-9EC10E50C659}
		{89EC519A-843F-43FA-B712-52FD0681F093} = {795D0353-A5BD-4B8F-AC2A-C317EEB3ADF4}
		{71BD4D6D-EC82-4716-B5AF-8B80D400B476} = {795D0353-A5BD-4B8F-AC2A-C317EEB3ADF4}
		{8D4BC591-2157-4C84-952C-795AADF72864} = {20FEC2A0-3FA1-4A5E-8E3E-744811D56963}
		{20FEC2A0-3FA1-4A5E-8E3E-744811D56963} = {9766C576-5B07-4674-B17D-AEF5829CB638}
		{795D0353-A5BD-4B8F-AC2A-C317EEB3ADF4} = {9766C576-5B07-4674-B17D-AEF5829CB638}
		{6D99D8F0-ED22-45A2-AE8C-9EC10E50C659} = {9766C576-5B07-4674-B17D-AEF5829CB638}
		{53F4A1CE-A6C1-45A1-9A49-F9BF59C4A2EB} = {78DACF4C-1018-4A04-8511-133AFF450422}
		{A312B060-5130-4141-8014-A4FC61F0E846} = {795D0353-A5BD-4B8F-AC2A-C317EEB3ADF4}
		{71DA9CCB-6FBA-40AC-96ED-EB040D44851B} = {795D0353-A5BD-4B8F-AC2A-C317EEB3ADF4}
		{D0E59D35-F223-4C51-9D95-1CF44E7202DF} = {795D0353-A5BD-4B8F-AC2A-C317EEB3ADF4}
		{2557CEEA-A92C-4CB0-A6A2-57D68D2E71F9} = {20FEC2A0-3FA1-4A5E-8E3E-744811D56963}
		{A8CFE375-38C3-4C51-B380-2A045BB3B2CE} = {6D99D8F0-ED22-45A2-AE8C-9EC10E50C659}
		{8D7E3DBD-EA3C-4660-8F93-FFDB234A21EA} = {20FEC2A0-3FA1-4A5E-8E3E-744811D56963}
		{5D877346-FB54-47C7-9DAD-906224069EC4} = {20FEC2A0-3FA1-4A5E-8E3E-744811D56963}
		{55D59088-4E47-4907-86F2-D94DEC65DAB9} = {20FEC2A0-3FA1-4A5E-8E3E-744811D56963}
		{D47967EF-C6CB-48C1-94FB-7285EAAD1F48} = {20FEC2A0-3FA1-4A5E-8E3E-744811D56963}
		{309CF729-2B84-40A4-88E2-447BBA4367A1} = {795D0353-A5BD-4B8F-AC2A-C317EEB3ADF4}
	EndGlobalSection
EndGlobal
