dependencies:
- name: democratic-csi
  repository: https://democratic-csi.github.io/charts/
  version: 0.15.0
- name: democratic-csi
  repository: https://democratic-csi.github.io/charts/
  version: 0.15.0
digest: sha256:5bacaef0a8871521b8c5458cd1b1a2b49e788baf2ac77da85e1e97c74d7f9dc1
generated: "2026-01-09T16:12:07.928188478+01:00"
