dependencies:
- name: snapshot-controller
  repository: https://democratic-csi.github.io/charts/
  version: 0.2.4
- name: democratic-csi
  repository: https://democratic-csi.github.io/charts/
  version: 0.13.7
- name: democratic-csi
  repository: https://democratic-csi.github.io/charts/
  version: 0.14.1
digest: sha256:0e2c7050ce95c646fd4429fddbee35c3a0fed26667a68799eac58082d82a3b68
generated: "2024-05-22T21:05:40.258553438+02:00"
